{
    "_meta": {
        "hash": {
            "sha256": "68f52a09bab93ff9aba9125ec2b96b726de73d9c8b06c0481b717d6c11896b47"
        },
        "pipfile-spec": 6,
        "requires": {
            "python_version": "3.8"
        },
        "sources": [
            {
                "name": "pypi",
                "url": "https://pypi.org/simple",
                "verify_ssl": true
            }
        ]
    },
    "default": {
        "certifi": {
            "hashes": [
                "sha256:78884e7c1d4b00ce3cea67b44566851c4343c120abd683433ce934a68ea58872",
                "sha256:d62a0163eb4c2344ac042ab2bdf75399a71a2d8c7d47eac2e2ee91b9d6339569"
            ],
            "version": "==2021.10.8"
        },
        "cftime": {
            "hashes": [
                "sha256:003abc800933a39d6f4ecec113f401aef9961642a4769aa1099ed34e0c1c3d46",
                "sha256:09970124c0a8c84a66e34e8655c42f0254e1c29d73a766e71c9a871ce57f125b",
                "sha256:1187fa1107974fe374f90936e39d2e09ac7cb4ffcd3b31314898684a2cebba87",
                "sha256:13103e6650beea6552316bd5825d6aa3b7e98f5b8115026df4826798dff9f741",
                "sha256:13e92118fa3606b2a1d95bbe1a18a0a260ba85704d9ff061e9599b0e745bb4a9",
                "sha256:1888f0c0ab37d6ee23d07e74e51dcaae136da48784ceaa5d078115aa2e2b8b92",
                "sha256:1c56556900b9ae3a5b4c9705699d78f865994e5c3c92cd230d54c89d669b88f0",
                "sha256:1f43f1c839f5579bf045f13b0d2deb15048d314d209039664003ae1bf2544898",
                "sha256:2da21d8626a7f549eaaae7d314110133914fa24726e4e7caab2775627cb7361a",
                "sha256:4c608937082980e0905657ec2475b3ff2a2fc89255e185f44076da482102f617",
                "sha256:4d39b666284c78726eb7ea8b4ad29aacd387e912177721b3eb9bdc508e2b86fa",
                "sha256:517c50e29b3c141919d83bf3782892e4a4144034b63722e7a266db25488b3bb5",
                "sha256:519d1c391ed7be3bb4d84990a51a76cbb1cc894bd776637c0227dfe1f6274f39",
                "sha256:64bcb6ca9ef922b2332e9ed91cd6f6f2fe28de392fb10e752f2ac83ffdc50854",
                "sha256:7900daf0efa495f263c3c5b0c96502cc909fb07ef56844791e3c8cdbb08a741c",
                "sha256:80390ddb68a7e27b52bf83efc040c8e3ec2e3b0bb0e66084a75498fb39f63a63",
                "sha256:9b31455449d2e347d033a6440f94305ce7eb48d32d863dfe0f53671c78e2561d",
                "sha256:a49b023ca5cab9c43d33b3a43edc5a112f5d452f75fc1a85f8ca136f4fa9d440",
                "sha256:a6c1e59299250299f23ab526d1ad640dcc3b9eb311468a8f9112f9d53d6106c6",
                "sha256:a8a56edad64912b11d8f80245b5ce7e61057eee22b6af0718e9d086b381a17d9",
                "sha256:b420e3811da55db538008229b3ca34055734d6ade12316889d1979d770d7dfaf",
                "sha256:bb0d680149f128d181ef1c6561eaebbf99b572329dee090c83b6735d7284a703",
                "sha256:bfb03c766250d86d6abf546d4c1fbe0db7401eaedeab5bbbd0e599fde7c7a7d3",
                "sha256:c0b3aff3c955d18342c2097ad1102c78d0999dba5de178d0ce68a317caf6f87e",
                "sha256:cab3fee686c58e2ce2f61e1bf138711eefde6c0235b0cfc736c8ea96381d8346",
                "sha256:e020db7391b2112e4c1ec9db75ff82031f979666264903697ab5ad0bfb20d490",
                "sha256:e195ed19638f324c40bb0094d13385d58e798607670b91cc8f42717a0a832263",
                "sha256:eca80007816b9dd1cc154a393b8da2ada22baad1ac7b2b2a9cc01451796e3e93",
                "sha256:ee740b8dd77cb1773ae1560b890cee3aa5b82a4a7ca056223f08f4b37ebb6466",
                "sha256:f63c14e98022c3a67ff7c5c12edf17912a7353ddd95bbfde6db1e4bc05ea5bdc",
                "sha256:f7007e7cd837cb37716149d7c735b90b947b3370b7a5652d58675ea940541542"
            ],
            "version": "==1.6.0"
        },
        "charset-normalizer": {
            "hashes": [
                "sha256:2857e29ff0d34db842cd7ca3230549d1a697f96ee6d3fb071cfa6c7393832597",
                "sha256:6881edbebdb17b39b4eaaa821b438bf6eddffb4468cf344f09f89def34a8b1df"
            ],
            "markers": "python_version >= '3'",
            "version": "==2.0.12"
        },
        "h5netcdf": {
            "hashes": [
                "sha256:161ccdb511f36efe1cdbab2d973f41e85e86f5ef727d836ea0ead261b6eea130",
                "sha256:ba4c960797df817a304f9a79353f2ecbde90ba902078193f6d2f1ef3d5ca2213"
            ],
            "index": "pypi",
            "version": "==0.14.1"
        },
        "h5py": {
            "hashes": [
                "sha256:1c5acc660c458421e88c4c5fe092ce15923adfac4c732af1ac4fced683a5ea97",
                "sha256:35ab552c6f0a93365b3cb5664a5305f3920daa0a43deb5b2c547c52815ec46b9",
                "sha256:542781d50e1182b8fb619b1265dfe1c765e18215f818b0ab28b2983c28471325",
                "sha256:5996ff5adefd2d68c330a4265b6ef92e51b2fc674834a5990add5033bf109e20",
                "sha256:8752d2814a92aba4e2b2a5922d2782d0029102d99caaf3c201a566bc0b40db29",
                "sha256:8ecedf16c613973622a334701f67edcc0249469f9daa0576e994fb20ac0405db",
                "sha256:954c5c39a09b5302f69f752c3bbf165d368a65c8d200f7d5655e0fa6368a75e6",
                "sha256:98646e659bf8591a2177e12a4461dced2cad72da0ba4247643fd118db88880d2",
                "sha256:9f39242960b8d7f86f3056cc2546aa3047ff4835985f6483229af8f029e9c8db",
                "sha256:9fd8a14236fdd092a20c0bdf25c3aba3777718d266fabb0fdded4fcf252d1630",
                "sha256:a5320837c60870911645e9a935099bdb2be6a786fcf0dac5c860f3b679e2de55",
                "sha256:c9a5529343a619fea777b7caa27d493595b28b5af8b005e8d1817559fcccf493",
                "sha256:cd9447633b0bafaf82190d9a8d56f3cb2e8d30169483aee67d800816e028190a",
                "sha256:d8cacad89aa7daf3626fce106f7f2662ac35b14849df22d252d0d8fab9dc1c0b",
                "sha256:dbaa1ed9768bf9ff04af0919acc55746e62b28333644f0251f38768313f31745",
                "sha256:e2b49c48df05e19bb20b400b7ff7dc6f1ee36b84dc717c3771c468b33697b466"
            ],
            "markers": "python_version >= '3.7'",
            "version": "==3.6.0"
        },
        "idna": {
            "hashes": [
                "sha256:84d9dd047ffa80596e0f246e2eab0b391788b0503584e8945f2368256d2735ff",
                "sha256:9d643ff0a55b762d5cdb124b8eaa99c66322e2157b69160bc32796e824360e6d"
            ],
            "markers": "python_version >= '3'",
            "version": "==3.3"
        },
        "netcdf4": {
            "hashes": [
                "sha256:0774309a8b684654c0bbd4d55bcccaa399ffa6870b5dc2e35dbe919ec637a51f",
                "sha256:0f570b5b4cc0434ef8a2a648fdebfa017de695ea7c836b24ae7b216ede4e3345",
                "sha256:1442048c93ac668d61d1675a0b0f3aea3a73efa2969636af0cb95a52d119acec",
                "sha256:225d17f7a487ebdab99640294203b61e39e01c951b4e6a4f578d8251623f5f5a",
                "sha256:29426faabdc017e89572ff1d7835dab426aae4c22ad1a12d1877b932e969b6ac",
                "sha256:318ef7dd29b365f3921f9b359ba54f62cfe3aa46ab4464f45c43624d15c4bf55",
                "sha256:339e534057be0b1998f80faeb8f9851f28b42cee5a6047e1adf12c0e38235437",
                "sha256:49a44c7382e5e1da39d8bab5d8e406ad30d46fda9386e85a3e69491e6caaca93",
                "sha256:5c883a02c55fd1e5b61ad4f83dd7f11f90b894e14d120ba678d9c33d9e4b3a77",
                "sha256:7326afa46fd0c1b50d30db9764a1eefbcff576fcffa8e48bef403094590563b8",
                "sha256:7519c1e8ad8d3d72636a0aedb5d79bb90556037a59d83811e2057f09ca272b52",
                "sha256:75ecf1ef2c841aace539f3326d101efda7c99f6c3283c48a444370aba48525af",
                "sha256:804d312a10e6fb196df16bf0d811624d885a51b7ebb3bc648278faa62ffece26",
                "sha256:8b4fac95819b0c17ca5fc1a4e8bb31116b6b808cceca0aa8b475bb50abab1063",
                "sha256:916434a13ea317934cf248fb70dd5476c498f1def71041fc7e3fd23882ef2cda",
                "sha256:a9ba575047ba1be7cf5f1b712c987ce329b4d092582d92c2e268296a06bfa639",
                "sha256:b2b0f370cda5cc5f46239e0a219bf8d4cf442c7d49dbd1c89abb39e71e266c60",
                "sha256:bd35c37342d9051d2b8fb12a9208856cc59201a94c78a742a198c81813cb00a8",
                "sha256:bdba6ea34680a4c1b7018a4a7155f6112acd063289923c0c61918707e9f26910",
                "sha256:bdd344d8de65849fa200f69941f1b15a2611b11b307161ce2fd8ff42148507e8",
                "sha256:ca3d468f4812c0999df86e3f428851fb0c17ac34ce0827115c246b0b690e4e84",
                "sha256:cdb54afe51c1b06e900c0df5e8567d713ff7a26bf087116a88a99858345dadc6",
                "sha256:d784d6cf5baa90909f385bf60ead91138f13ff7f870467e458fb3650ef71b48d",
                "sha256:e118bfccda464a381187b1f9c771bf9581c83c566faab309a8ec3f781668da4e",
                "sha256:f5e9e1ca99aca1f6d40054ef42b97cf6d00c59d8a438f580cf9dfc309a8eb870",
                "sha256:f86399073b582bccd278006ee0213548e7037395e1119f1af9f4faad38279b1e",
                "sha256:f92b92f758dfc903af2a8a287fd68a531f73ffd3e5be72b5ad1eb3f083e7aaa2",
                "sha256:fd501ccb28ebae6770112968c750a14feb39cb495d788aa67c28360f7c1f2324"
            ],
            "index": "pypi",
            "version": "==1.5.8"
        },
        "numpy": {
            "hashes": [
                "sha256:07a8c89a04997625236c5ecb7afe35a02af3896c8aa01890a849913a2309c676",
                "sha256:08d9b008d0156c70dc392bb3ab3abb6e7a711383c3247b410b39962263576cd4",
                "sha256:201b4d0552831f7250a08d3b38de0d989d6f6e4658b709a02a73c524ccc6ffce",
                "sha256:2c10a93606e0b4b95c9b04b77dc349b398fdfbda382d2a39ba5a822f669a0123",
                "sha256:3ca688e1b9b95d80250bca34b11a05e389b1420d00e87a0d12dc45f131f704a1",
                "sha256:48a3aecd3b997bf452a2dedb11f4e79bc5bfd21a1d4cc760e703c31d57c84b3e",
                "sha256:568dfd16224abddafb1cbcce2ff14f522abe037268514dd7e42c6776a1c3f8e5",
                "sha256:5bfb1bb598e8229c2d5d48db1860bcf4311337864ea3efdbe1171fb0c5da515d",
                "sha256:639b54cdf6aa4f82fe37ebf70401bbb74b8508fddcf4797f9fe59615b8c5813a",
                "sha256:8251ed96f38b47b4295b1ae51631de7ffa8260b5b087808ef09a39a9d66c97ab",
                "sha256:92bfa69cfbdf7dfc3040978ad09a48091143cffb778ec3b03fa170c494118d75",
                "sha256:97098b95aa4e418529099c26558eeb8486e66bd1e53a6b606d684d0c3616b168",
                "sha256:a3bae1a2ed00e90b3ba5f7bd0a7c7999b55d609e0c54ceb2b076a25e345fa9f4",
                "sha256:c34ea7e9d13a70bf2ab64a2532fe149a9aced424cd05a2c4ba662fd989e3e45f",
                "sha256:dbc7601a3b7472d559dc7b933b18b4b66f9aa7452c120e87dfb33d02008c8a18",
                "sha256:e7927a589df200c5e23c57970bafbd0cd322459aa7b1ff73b7c2e84d6e3eae62",
                "sha256:f8c1f39caad2c896bc0018f699882b345b2a63708008be29b1f355ebf6f933fe",
                "sha256:f950f8845b480cffe522913d35567e29dd381b0dc7e4ce6a4a9f9156417d2430",
                "sha256:fade0d4f4d292b6f39951b6836d7a3c7ef5b2347f3c420cd9820a1d90d794802",
                "sha256:fdf3c08bce27132395d3c3ba1503cac12e17282358cb4bddc25cc46b0aca07aa"
            ],
            "index": "pypi",
            "version": "==1.22.3"
        },
        "packaging": {
            "hashes": [
                "sha256:dd47c42927d89ab911e606518907cc2d3a1f38bbd026385970643f9c5b8ecfeb",
                "sha256:ef103e05f519cdc783ae24ea4e2e0f508a9c99b2d4969652eed6a2e1ea5bd522"
            ],
            "markers": "python_version >= '3.6'",
            "version": "==21.3"
        },
        "pyparsing": {
            "hashes": [
                "sha256:18ee9022775d270c55187733956460083db60b37d0d0fb357445f3094eed3eea",
                "sha256:a6c06a88f252e6c322f65faf8f418b16213b51bdfaece0524c1c1bc30c63c484"
            ],
            "markers": "python_version >= '3.6'",
            "version": "==3.0.7"
        },
        "requests": {
            "hashes": [
                "sha256:68d7c56fd5a8999887728ef304a6d12edc7be74f1cfa47714fc8b414525c9a61",
                "sha256:f22fa1e554c9ddfd16e6e41ac79759e17be9e492b3587efa038054674760e72d"
            ],
            "index": "pypi",
            "version": "==2.27.1"
        },
        "urllib3": {
            "hashes": [
                "sha256:000ca7f471a233c2251c6c7023ee85305721bfdf18621ebff4fd17a8653427ed",
                "sha256:0e7c33d9a63e7ddfcb86780aac87befc2fbddf46c58dbb487e0855f7ceec283c"
            ],
            "markers": "python_version >= '2.7' and python_version not in '3.0, 3.1, 3.2, 3.3, 3.4' and python_version < '4'",
            "version": "==1.26.8"
        }
    },
    "develop": {}
}
